
Microsoft Visual Studio Solution File, Format Version 12.00
# Visual Studio 15
VisualStudioVersion = 15.0.28307.1831
MinimumVisualStudioVersion = 10.0.40219.1
Project("{159641D6-6404-4A2A-AE62-294DE0FE8301}") = "SSIS Excel ETL", "Integration Services Project3\SSIS Excel ETL.dtproj", "{93CC6DE8-C7B4-484F-8100-01224BB84148}"
EndProject
Global
	GlobalSection(SolutionConfigurationPlatforms) = preSolution
		Development|Default = Development|Default
	EndGlobalSection
	GlobalSection(ProjectConfigurationPlatforms) = postSolution
		{93CC6DE8-C7B4-484F-8100-01224BB84148}.Development|Default.ActiveCfg = Development
		{93CC6DE8-C7B4-484F-8100-01224BB84148}.Development|Default.Build.0 = Development
	EndGlobalSection
	GlobalSection(SolutionProperties) = preSolution
		HideSolutionNode = FALSE
	EndGlobalSection
	GlobalSection(ExtensibilityGlobals) = postSolution
		SolutionGuid = {813CD008-8ECB-4E4A-95A9-5EBC174780A6}
	EndGlobalSection
EndGlobal
